
Microsoft Visual Studio Solution File, Format Version 12.00
# Visual Studio 15
VisualStudioVersion = 15.0.25302.0
MinimumVisualStudioVersion = 10.0.40219.1
Project("{FAE04EC0-301F-11D3-BF4B-00C04F79EFBC}") = "MsEdgeFavoriteExport", "MsEdgeFavoriteExport\MsEdgeFavoriteExport.csproj", "{DEA10A17-14DA-466A-9004-4A9B42FA279E}"
EndProject
Global
	GlobalSection(SolutionConfigurationPlatforms) = preSolution
		Debug|Any CPU = Debug|Any CPU
		Release|Any CPU = Release|Any CPU
	EndGlobalSection
	GlobalSection(ProjectConfigurationPlatforms) = postSolution
		{DEA10A17-14DA-466A-9004-4A9B42FA279E}.Debug|Any CPU.ActiveCfg = Debug|Any CPU
		{DEA10A17-14DA-466A-9004-4A9B42FA279E}.Debug|Any CPU.Build.0 = Debug|Any CPU
		{DEA10A17-14DA-466A-9004-4A9B42FA279E}.Release|Any CPU.ActiveCfg = Release|Any CPU
		{DEA10A17-14DA-466A-9004-4A9B42FA279E}.Release|Any CPU.Build.0 = Release|Any CPU
	EndGlobalSection
	GlobalSection(SolutionProperties) = preSolution
		HideSolutionNode = FALSE
	EndGlobalSection
EndGlobal
